
Microsoft Visual Studio Solution File, Format Version 12.00
# Visual Studio Version 17
VisualStudioVersion = 17.0.31919.166
MinimumVisualStudioVersion = 10.0.40219.1
Project("{FAE04EC0-301F-11D3-BF4B-00C04F79EFBC}") = "CSharp3OOP", "CSharp3OOP\CSharp3OOP.csproj", "{2B8A8CDF-DF72-4A14-B6B4-9D2E5EDC5369}"
EndProject
Global
	GlobalSection(SolutionConfigurationPlatforms) = preSolution
		Debug|Any CPU = Debug|Any CPU
		Release|Any CPU = Release|Any CPU
	EndGlobalSection
	GlobalSection(ProjectConfigurationPlatforms) = postSolution
		{2B8A8CDF-DF72-4A14-B6B4-9D2E5EDC5369}.Debug|Any CPU.ActiveCfg = Debug|Any CPU
		{2B8A8CDF-DF72-4A14-B6B4-9D2E5EDC5369}.Debug|Any CPU.Build.0 = Debug|Any CPU
		{2B8A8CDF-DF72-4A14-B6B4-9D2E5EDC5369}.Release|Any CPU.ActiveCfg = Release|Any CPU
		{2B8A8CDF-DF72-4A14-B6B4-9D2E5EDC5369}.Release|Any CPU.Build.0 = Release|Any CPU
	EndGlobalSection
	GlobalSection(SolutionProperties) = preSolution
		HideSolutionNode = FALSE
	EndGlobalSection
	GlobalSection(ExtensibilityGlobals) = postSolution
		SolutionGuid = {2AEFF82C-5712-46C6-852C-6E8262A77919}
	EndGlobalSection
EndGlobal
